
Microsoft Visual Studio Solution File, Format Version 12.00
# Visual Studio Version 16
VisualStudioVersion = 16.0.31624.102
MinimumVisualStudioVersion = 10.0.40219.1
Project("{FAE04EC0-301F-11D3-BF4B-00C04F79EFBC}") = "OBLDA2", "OBLDA2\OBLDA2.csproj", "{1C9B44BF-8BCF-469A-ACF7-7BEEEEF02E7C}"
EndProject
Project("{FAE04EC0-301F-11D3-BF4B-00C04F79EFBC}") = "DataAccess", "DataAccess\DataAccess.csproj", "{EDD3D9B6-6CC2-4DDC-8F4D-C244F901AFE5}"
EndProject
Project("{FAE04EC0-301F-11D3-BF4B-00C04F79EFBC}") = "Domain", "Domain\Domain.csproj", "{FE1C4CD5-11DD-46ED-B0CC-AA2F5C686E7B}"
EndProject
Project("{FAE04EC0-301F-11D3-BF4B-00C04F79EFBC}") = "DataAccessTest", "DataAccessTest\DataAccessTest.csproj", "{3893217F-8A82-476A-A475-FE7C711D41B5}"
EndProject
Global
	GlobalSection(SolutionConfigurationPlatforms) = preSolution
		Debug|Any CPU = Debug|Any CPU
		Release|Any CPU = Release|Any CPU
	EndGlobalSection
	GlobalSection(ProjectConfigurationPlatforms) = postSolution
		{1C9B44BF-8BCF-469A-ACF7-7BEEEEF02E7C}.Debug|Any CPU.ActiveCfg = Debug|Any CPU
		{1C9B44BF-8BCF-469A-ACF7-7BEEEEF02E7C}.Debug|Any CPU.Build.0 = Debug|Any CPU
		{1C9B44BF-8BCF-469A-ACF7-7BEEEEF02E7C}.Release|Any CPU.ActiveCfg = Release|Any CPU
		{1C9B44BF-8BCF-469A-ACF7-7BEEEEF02E7C}.Release|Any CPU.Build.0 = Release|Any CPU
		{EDD3D9B6-6CC2-4DDC-8F4D-C244F901AFE5}.Debug|Any CPU.ActiveCfg = Debug|Any CPU
		{EDD3D9B6-6CC2-4DDC-8F4D-C244F901AFE5}.Debug|Any CPU.Build.0 = Debug|Any CPU
		{EDD3D9B6-6CC2-4DDC-8F4D-C244F901AFE5}.Release|Any CPU.ActiveCfg = Release|Any CPU
		{EDD3D9B6-6CC2-4DDC-8F4D-C244F901AFE5}.Release|Any CPU.Build.0 = Release|Any CPU
		{FE1C4CD5-11DD-46ED-B0CC-AA2F5C686E7B}.Debug|Any CPU.ActiveCfg = Debug|Any CPU
		{FE1C4CD5-11DD-46ED-B0CC-AA2F5C686E7B}.Debug|Any CPU.Build.0 = Debug|Any CPU
		{FE1C4CD5-11DD-46ED-B0CC-AA2F5C686E7B}.Release|Any CPU.ActiveCfg = Release|Any CPU
		{FE1C4CD5-11DD-46ED-B0CC-AA2F5C686E7B}.Release|Any CPU.Build.0 = Release|Any CPU
		{3893217F-8A82-476A-A475-FE7C711D41B5}.Debug|Any CPU.ActiveCfg = Debug|Any CPU
		{3893217F-8A82-476A-A475-FE7C711D41B5}.Debug|Any CPU.Build.0 = Debug|Any CPU
		{3893217F-8A82-476A-A475-FE7C711D41B5}.Release|Any CPU.ActiveCfg = Release|Any CPU
		{3893217F-8A82-476A-A475-FE7C711D41B5}.Release|Any CPU.Build.0 = Release|Any CPU
	EndGlobalSection
	GlobalSection(SolutionProperties) = preSolution
		HideSolutionNode = FALSE
	EndGlobalSection
	GlobalSection(ExtensibilityGlobals) = postSolution
		SolutionGuid = {75532133-4B00-412C-8B26-FDD08C0EFAD9}
	EndGlobalSection
EndGlobal
